
Microsoft Visual Studio Solution File, Format Version 12.00
# Visual Studio Version 17
VisualStudioVersion = 17.1.31911.260
MinimumVisualStudioVersion = 10.0.40219.1
Project("{9A19103F-16F7-4668-BE54-9A1E7A4F7556}") = "SCP 682", "SCP 682\SCP 682.csproj", "{1C426C3D-39DE-41F3-995A-7DEF45114FD2}"
EndProject
Project("{9A19103F-16F7-4668-BE54-9A1E7A4F7556}") = "SCPData", "SCPContext\SCPData.csproj", "{52300F63-862E-4D96-95CD-E87015D8E231}"
EndProject
Global
	GlobalSection(SolutionConfigurationPlatforms) = preSolution
		Debug|Any CPU = Debug|Any CPU
		Release|Any CPU = Release|Any CPU
	EndGlobalSection
	GlobalSection(ProjectConfigurationPlatforms) = postSolution
		{1C426C3D-39DE-41F3-995A-7DEF45114FD2}.Debug|Any CPU.ActiveCfg = Debug|Any CPU
		{1C426C3D-39DE-41F3-995A-7DEF45114FD2}.Debug|Any CPU.Build.0 = Debug|Any CPU
		{1C426C3D-39DE-41F3-995A-7DEF45114FD2}.Release|Any CPU.ActiveCfg = Release|Any CPU
		{1C426C3D-39DE-41F3-995A-7DEF45114FD2}.Release|Any CPU.Build.0 = Release|Any CPU
		{52300F63-862E-4D96-95CD-E87015D8E231}.Debug|Any CPU.ActiveCfg = Debug|Any CPU
		{52300F63-862E-4D96-95CD-E87015D8E231}.Debug|Any CPU.Build.0 = Debug|Any CPU
		{52300F63-862E-4D96-95CD-E87015D8E231}.Release|Any CPU.ActiveCfg = Release|Any CPU
		{52300F63-862E-4D96-95CD-E87015D8E231}.Release|Any CPU.Build.0 = Release|Any CPU
	EndGlobalSection
	GlobalSection(SolutionProperties) = preSolution
		HideSolutionNode = FALSE
	EndGlobalSection
	GlobalSection(ExtensibilityGlobals) = postSolution
		SolutionGuid = {FFB3AFE7-7A4C-4500-AB0A-72A477E4BA50}
	EndGlobalSection
EndGlobal
